
Microsoft Visual Studio Solution File, Format Version 12.00
Project("{FAE04EC0-301F-11D3-BF4B-00C04F79EFBC}") = "MTFVoiceTools", "MTFVoiceTools.csproj", "{ECFA3D71-4415-4E67-998E-ADAD4C79B379}"
EndProject
Global
	GlobalSection(SolutionConfigurationPlatforms) = preSolution
		Debug|Any CPU = Debug|Any CPU
		Release|Any CPU = Release|Any CPU
	EndGlobalSection
	GlobalSection(ProjectConfigurationPlatforms) = postSolution
		{ECFA3D71-4415-4E67-998E-ADAD4C79B379}.Debug|Any CPU.ActiveCfg = Debug|Any CPU
		{ECFA3D71-4415-4E67-998E-ADAD4C79B379}.Debug|Any CPU.Build.0 = Debug|Any CPU
		{ECFA3D71-4415-4E67-998E-ADAD4C79B379}.Release|Any CPU.ActiveCfg = Release|Any CPU
		{ECFA3D71-4415-4E67-998E-ADAD4C79B379}.Release|Any CPU.Build.0 = Release|Any CPU
	EndGlobalSection
EndGlobal
